PODS:
  - Alamofire (5.4.1)
  - Charts (3.6.0):
    - Charts/Core (= 3.6.0)
  - Charts/Core (3.6.0)

DEPENDENCIES:
  - Alamofire
  - Charts

SPEC REPOS:
  trunk:
    - Alamofire
    - Charts

SPEC CHECKSUMS:
  Alamofire: 2291f7d21ca607c491dd17642e5d40fdcda0e65c
  Charts: b1e3a1f5a1c9ba5394438ca3b91bd8c9076310af

PODFILE CHECKSUM: 6a291b2b86a683eb4d4a9d7e2e4840f31000f178

COCOAPODS: 1.10.0
